
Microsoft Visual Studio Solution File, Format Version 12.00
# Visual Studio 15
VisualStudioVersion = 15.0.26124.0
MinimumVisualStudioVersion = 15.0.26124.0
Project("{FAE04EC0-301F-11D3-BF4B-00C04F79EFBC}") = "gcodeclean", "GCodeClean\gcodeclean.csproj", "{9E68CFF6-10C9-470F-B268-D3F84E3FA533}"
EndProject
Project("{FAE04EC0-301F-11D3-BF4B-00C04F79EFBC}") = "GCodeClean.Tests", "GCodeClean.Tests\GCodeClean.Tests.csproj", "{0210FE5A-47F4-466A-BCC3-9B85FDC0AAE6}"
EndProject
Project("{FAE04EC0-301F-11D3-BF4B-00C04F79EFBC}") = "cli", "CLI\cli.csproj", "{910B0828-3028-4145-9560-0167D1F4A75E}"
EndProject
Global
	GlobalSection(SolutionConfigurationPlatforms) = preSolution
		Debug|Any CPU = Debug|Any CPU
		Debug|x64 = Debug|x64
		Debug|x86 = Debug|x86
		Release|Any CPU = Release|Any CPU
		Release|x64 = Release|x64
		Release|x86 = Release|x86
	EndGlobalSection
	GlobalSection(SolutionProperties) = preSolution
		HideSolutionNode = FALSE
	EndGlobalSection
	GlobalSection(ProjectConfigurationPlatforms) = postSolution
		{9E68CFF6-10C9-470F-B268-D3F84E3FA533}.Debug|Any CPU.ActiveCfg = Debug|Any CPU
		{9E68CFF6-10C9-470F-B268-D3F84E3FA533}.Debug|Any CPU.Build.0 = Debug|Any CPU
		{9E68CFF6-10C9-470F-B268-D3F84E3FA533}.Debug|x64.ActiveCfg = Debug|Any CPU
		{9E68CFF6-10C9-470F-B268-D3F84E3FA533}.Debug|x64.Build.0 = Debug|Any CPU
		{9E68CFF6-10C9-470F-B268-D3F84E3FA533}.Debug|x86.ActiveCfg = Debug|Any CPU
		{9E68CFF6-10C9-470F-B268-D3F84E3FA533}.Debug|x86.Build.0 = Debug|Any CPU
		{9E68CFF6-10C9-470F-B268-D3F84E3FA533}.Release|Any CPU.ActiveCfg = Release|Any CPU
		{9E68CFF6-10C9-470F-B268-D3F84E3FA533}.Release|Any CPU.Build.0 = Release|Any CPU
		{9E68CFF6-10C9-470F-B268-D3F84E3FA533}.Release|x64.ActiveCfg = Release|Any CPU
		{9E68CFF6-10C9-470F-B268-D3F84E3FA533}.Release|x64.Build.0 = Release|Any CPU
		{9E68CFF6-10C9-470F-B268-D3F84E3FA533}.Release|x86.ActiveCfg = Release|Any CPU
		{9E68CFF6-10C9-470F-B268-D3F84E3FA533}.Release|x86.Build.0 = Release|Any CPU
		{0210FE5A-47F4-466A-BCC3-9B85FDC0AAE6}.Debug|Any CPU.ActiveCfg = Debug|Any CPU
		{0210FE5A-47F4-466A-BCC3-9B85FDC0AAE6}.Debug|Any CPU.Build.0 = Debug|Any CPU
		{0210FE5A-47F4-466A-BCC3-9B85FDC0AAE6}.Debug|x64.ActiveCfg = Debug|Any CPU
		{0210FE5A-47F4-466A-BCC3-9B85FDC0AAE6}.Debug|x64.Build.0 = Debug|Any CPU
		{0210FE5A-47F4-466A-BCC3-9B85FDC0AAE6}.Debug|x86.ActiveCfg = Debug|Any CPU
		{0210FE5A-47F4-466A-BCC3-9B85FDC0AAE6}.Debug|x86.Build.0 = Debug|Any CPU
		{0210FE5A-47F4-466A-BCC3-9B85FDC0AAE6}.Release|Any CPU.ActiveCfg = Release|Any CPU
		{0210FE5A-47F4-466A-BCC3-9B85FDC0AAE6}.Release|Any CPU.Build.0 = Release|Any CPU
		{0210FE5A-47F4-466A-BCC3-9B85FDC0AAE6}.Release|x64.ActiveCfg = Release|Any CPU
		{0210FE5A-47F4-466A-BCC3-9B85FDC0AAE6}.Release|x64.Build.0 = Release|Any CPU
		{0210FE5A-47F4-466A-BCC3-9B85FDC0AAE6}.Release|x86.ActiveCfg = Release|Any CPU
		{0210FE5A-47F4-466A-BCC3-9B85FDC0AAE6}.Release|x86.Build.0 = Release|Any CPU
		{910B0828-3028-4145-9560-0167D1F4A75E}.Debug|Any CPU.ActiveCfg = Debug|Any CPU
		{910B0828-3028-4145-9560-0167D1F4A75E}.Debug|Any CPU.Build.0 = Debug|Any CPU
		{910B0828-3028-4145-9560-0167D1F4A75E}.Debug|x64.ActiveCfg = Debug|Any CPU
		{910B0828-3028-4145-9560-0167D1F4A75E}.Debug|x64.Build.0 = Debug|Any CPU
		{910B0828-3028-4145-9560-0167D1F4A75E}.Debug|x86.ActiveCfg = Debug|Any CPU
		{910B0828-3028-4145-9560-0167D1F4A75E}.Debug|x86.Build.0 = Debug|Any CPU
		{910B0828-3028-4145-9560-0167D1F4A75E}.Release|Any CPU.ActiveCfg = Release|Any CPU
		{910B0828-3028-4145-9560-0167D1F4A75E}.Release|Any CPU.Build.0 = Release|Any CPU
		{910B0828-3028-4145-9560-0167D1F4A75E}.Release|x64.ActiveCfg = Release|Any CPU
		{910B0828-3028-4145-9560-0167D1F4A75E}.Release|x64.Build.0 = Release|Any CPU
		{910B0828-3028-4145-9560-0167D1F4A75E}.Release|x86.ActiveCfg = Release|Any CPU
		{910B0828-3028-4145-9560-0167D1F4A75E}.Release|x86.Build.0 = Release|Any CPU
	EndGlobalSection
EndGlobal
